
Microsoft Visual Studio Solution File, Format Version 12.00
# Visual Studio Version 16
VisualStudioVersion = 16.0.29519.87
MinimumVisualStudioVersion = 10.0.40219.1
Project("{FAE04EC0-301F-11D3-BF4B-00C04F79EFBC}") = "opdracht1", "opdracht1\opdracht1.csproj", "{C819AEE3-7982-4557-8786-159966360051}"
EndProject
Global
	GlobalSection(SolutionConfigurationPlatforms) = preSolution
		Debug|Any CPU = Debug|Any CPU
		Release|Any CPU = Release|Any CPU
	EndGlobalSection
	GlobalSection(ProjectConfigurationPlatforms) = postSolution
		{C819AEE3-7982-4557-8786-159966360051}.Debug|Any CPU.ActiveCfg = Debug|Any CPU
		{C819AEE3-7982-4557-8786-159966360051}.Debug|Any CPU.Build.0 = Debug|Any CPU
		{C819AEE3-7982-4557-8786-159966360051}.Release|Any CPU.ActiveCfg = Release|Any CPU
		{C819AEE3-7982-4557-8786-159966360051}.Release|Any CPU.Build.0 = Release|Any CPU
	EndGlobalSection
	GlobalSection(SolutionProperties) = preSolution
		HideSolutionNode = FALSE
	EndGlobalSection
	GlobalSection(ExtensibilityGlobals) = postSolution
		SolutionGuid = {700EF62A-D882-4BA6-8A80-D5FFE8DFD791}
	EndGlobalSection
EndGlobal
