
Microsoft Visual Studio Solution File, Format Version 12.00
# Visual Studio Version 16
VisualStudioVersion = 16.0.31025.194
MinimumVisualStudioVersion = 10.0.40219.1
Project("{9A19103F-16F7-4668-BE54-9A1E7A4F7556}") = "oefening4sprint12", "oefening4sprint12.csproj", "{7759AF04-EB2C-490C-96E6-A7D66B665A14}"
EndProject
Project("{9A19103F-16F7-4668-BE54-9A1E7A4F7556}") = "opdracht5sprint12", "..\opdracht5sprint12\opdracht5sprint12.csproj", "{B76690DC-F52E-4DA5-9B79-78FA40D14E75}"
EndProject
Global
	GlobalSection(SolutionConfigurationPlatforms) = preSolution
		Debug|Any CPU = Debug|Any CPU
		Release|Any CPU = Release|Any CPU
	EndGlobalSection
	GlobalSection(ProjectConfigurationPlatforms) = postSolution
		{7759AF04-EB2C-490C-96E6-A7D66B665A14}.Debug|Any CPU.ActiveCfg = Debug|Any CPU
		{7759AF04-EB2C-490C-96E6-A7D66B665A14}.Debug|Any CPU.Build.0 = Debug|Any CPU
		{7759AF04-EB2C-490C-96E6-A7D66B665A14}.Release|Any CPU.ActiveCfg = Release|Any CPU
		{7759AF04-EB2C-490C-96E6-A7D66B665A14}.Release|Any CPU.Build.0 = Release|Any CPU
		{B76690DC-F52E-4DA5-9B79-78FA40D14E75}.Debug|Any CPU.ActiveCfg = Debug|Any CPU
		{B76690DC-F52E-4DA5-9B79-78FA40D14E75}.Debug|Any CPU.Build.0 = Debug|Any CPU
		{B76690DC-F52E-4DA5-9B79-78FA40D14E75}.Release|Any CPU.ActiveCfg = Release|Any CPU
		{B76690DC-F52E-4DA5-9B79-78FA40D14E75}.Release|Any CPU.Build.0 = Release|Any CPU
	EndGlobalSection
	GlobalSection(SolutionProperties) = preSolution
		HideSolutionNode = FALSE
	EndGlobalSection
	GlobalSection(ExtensibilityGlobals) = postSolution
		SolutionGuid = {AA3AC109-5DCB-4756-8589-6F54643D5B8E}
	EndGlobalSection
EndGlobal
