
Microsoft Visual Studio Solution File, Format Version 12.00
# Visual Studio Version 16
VisualStudioVersion = 16.0.29519.87
MinimumVisualStudioVersion = 10.0.40219.1
Project("{FAE04EC0-301F-11D3-BF4B-00C04F79EFBC}") = "opdracht3", "opdracht3\opdracht3.csproj", "{5F50D00B-5E24-4C62-877D-02D53B3A3128}"
EndProject
Global
	GlobalSection(SolutionConfigurationPlatforms) = preSolution
		Debug|Any CPU = Debug|Any CPU
		Release|Any CPU = Release|Any CPU
	EndGlobalSection
	GlobalSection(ProjectConfigurationPlatforms) = postSolution
		{5F50D00B-5E24-4C62-877D-02D53B3A3128}.Debug|Any CPU.ActiveCfg = Debug|Any CPU
		{5F50D00B-5E24-4C62-877D-02D53B3A3128}.Debug|Any CPU.Build.0 = Debug|Any CPU
		{5F50D00B-5E24-4C62-877D-02D53B3A3128}.Release|Any CPU.ActiveCfg = Release|Any CPU
		{5F50D00B-5E24-4C62-877D-02D53B3A3128}.Release|Any CPU.Build.0 = Release|Any CPU
	EndGlobalSection
	GlobalSection(SolutionProperties) = preSolution
		HideSolutionNode = FALSE
	EndGlobalSection
	GlobalSection(ExtensibilityGlobals) = postSolution
		SolutionGuid = {FC97013D-6DDD-4395-8A15-8242FC83DD36}
	EndGlobalSection
EndGlobal
